PODS:
  - YoutubePlayer-in-WKWebView (0.3.0)

DEPENDENCIES:
  - YoutubePlayer-in-WKWebView (~> 0.3.0)

SPEC REPOS:
  https://github.com/cocoapods/specs.git:
    - YoutubePlayer-in-WKWebView

SPEC CHECKSUMS:
  YoutubePlayer-in-WKWebView: 17a33b2fa619d357c9ddd763942ce556660facae

PODFILE CHECKSUM: 24e8436186fb1a2db93f06a56e7b9c2d18b12f2c

COCOAPODS: 1.6.1
