// !$*UTF8*$!
{
	archiveVersion = 1;
	classes = {
	};
	objectVersion = 50;
	objects = {

/* Begin PBXBuildFile section */
		0D51ECA53B46ACC1A8152890 /* Pods_MagicUniverseTest.framework in Frameworks */ = {isa = PBXBuildFile; fileRef = 406A922F03457C9F53B40D91 /* Pods_MagicUniverseTest.framework */; };
		811C7699228CD10200BB5601 /* ViewController.swift in Sources */ = {isa = PBXBuildFile; fileRef = 811C7698228CD10200BB5601 /* ViewController.swift */; };
		811C769B228CD47D00BB5601 /* VideoCollectionCell.swift in Sources */ = {isa = PBXBuildFile; fileRef = 811C769A228CD47D00BB5601 /* VideoCollectionCell.swift */; };
		811C769D228CD4CC00BB5601 /* VideoCollectionView.swift in Sources */ = {isa = PBXBuildFile; fileRef = 811C769C228CD4CC00BB5601 /* VideoCollectionView.swift */; };
		811C769F228CDE5600BB5601 /* VideoModel.swift in Sources */ = {isa = PBXBuildFile; fileRef = 811C769E228CDE5600BB5601 /* VideoModel.swift */; };
		812935C9228E8FCF000D4300 /* SecondCollectionView.swift in Sources */ = {isa = PBXBuildFile; fileRef = 812935C8228E8FCF000D4300 /* SecondCollectionView.swift */; };
		81FDB04B228C4C6400F28F98 /* AppDelegate.swift in Sources */ = {isa = PBXBuildFile; fileRef = 81FDB04A228C4C6400F28F98 /* AppDelegate.swift */; };
		81FDB050228C4C6400F28F98 /* Main.storyboard in Resources */ = {isa = PBXBuildFile; fileRef = 81FDB04E228C4C6400F28F98 /* Main.storyboard */; };
		81FDB052228C4C6600F28F98 /* Assets.xcassets in Resources */ = {isa = PBXBuildFile; fileRef = 81FDB051228C4C6600F28F98 /* Assets.xcassets */; };
		81FDB055228C4C6600F28F98 /* LaunchScreen.storyboard in Resources */ = {isa = PBXBuildFile; fileRef = 81FDB053228C4C6600F28F98 /* LaunchScreen.storyboard */; };
/* End PBXBuildFile section */

/* Begin PBXFileReference section */
		38B7872DD812B73B9FBBA543 /* Pods-MagicUniverseTest.debug.xcconfig */ = {isa = PBXFileReference; includeInIndex = 1; lastKnownFileType = text.xcconfig; name = "Pods-MagicUniverseTest.debug.xcconfig"; path = "Target Support Files/Pods-MagicUniverseTest/Pods-MagicUniverseTest.debug.xcconfig"; sourceTree = "<group>"; };
		406A922F03457C9F53B40D91 /* Pods_MagicUniverseTest.framework */ = {isa = PBXFileReference; explicitFileType = wrapper.framework; includeInIndex = 0; path = Pods_MagicUniverseTest.framework; sourceTree = BUILT_PRODUCTS_DIR; };
		811C7698228CD10200BB5601 /* ViewController.swift */ = {isa = PBXFileReference; lastKnownFileType = sourcecode.swift; path = ViewController.swift; sourceTree = "<group>"; };
		811C769A228CD47D00BB5601 /* VideoCollectionCell.swift */ = {isa = PBXFileReference; lastKnownFileType = sourcecode.swift; path = VideoCollectionCell.swift; sourceTree = "<group>"; };
		811C769C228CD4CC00BB5601 /* VideoCollectionView.swift */ = {isa = PBXFileReference; lastKnownFileType = sourcecode.swift; path = VideoCollectionView.swift; sourceTree = "<group>"; };
		811C769E228CDE5600BB5601 /* VideoModel.swift */ = {isa = PBXFileReference; lastKnownFileType = sourcecode.swift; name = VideoModel.swift; path = ../VideoModel.swift; sourceTree = "<group>"; };
		812935C8228E8FCF000D4300 /* SecondCollectionView.swift */ = {isa = PBXFileReference; lastKnownFileType = sourcecode.swift; name = SecondCollectionView.swift; path = /Users/evgeniysuprun/Desktop/MagicUniverseTest/MagicUniverseTest/SecondCollectionView.swift; sourceTree = "<absolute>"; };
		81FDB047228C4C6400F28F98 /* MagicUniverseTest.app */ = {isa = PBXFileReference; explicitFileType = wrapper.application; includeInIndex = 0; path = MagicUniverseTest.app; sourceTree = BUILT_PRODUCTS_DIR; };
		81FDB04A228C4C6400F28F98 /* AppDelegate.swift */ = {isa = PBXFileReference; lastKnownFileType = sourcecode.swift; path = AppDelegate.swift; sourceTree = "<group>"; };
		81FDB04F228C4C6400F28F98 /* Base */ = {isa = PBXFileReference; lastKnownFileType = file.storyboard; name = Base; path = Base.lproj/Main.storyboard; sourceTree = "<group>"; };
		81FDB051228C4C6600F28F98 /* Assets.xcassets */ = {isa = PBXFileReference; lastKnownFileType = folder.assetcatalog; path = Assets.xcassets; sourceTree = "<group>"; };
		81FDB054228C4C6600F28F98 /* Base */ = {isa = PBXFileReference; lastKnownFileType = file.storyboard; name = Base; path = Base.lproj/LaunchScreen.storyboard; sourceTree = "<group>"; };
		81FDB056228C4C6600F28F98 /* Info.plist */ = {isa = PBXFileReference; lastKnownFileType = text.plist.xml; path = Info.plist; sourceTree = "<group>"; };
		D6FD4C92B8D98BC00A449F37 /* Pods-MagicUniverseTest.release.xcconfig */ = {isa = PBXFileReference; includeInIndex = 1; lastKnownFileType = text.xcconfig; name = "Pods-MagicUniverseTest.release.xcconfig"; path = "Target Support Files/Pods-MagicUniverseTest/Pods-MagicUniverseTest.release.xcconfig"; sourceTree = "<group>"; };
/* End PBXFileReference section */

/* Begin PBXFrameworksBuildPhase section */
		81FDB044228C4C6400F28F98 /* Frameworks */ = {
			isa = PBXFrameworksBuildPhase;
			buildActionMask = 2147483647;
			files = (
				0D51ECA53B46ACC1A8152890 /* Pods_MagicUniverseTest.framework in Frameworks */,
			);
			runOnlyForDeploymentPostprocessing = 0;
		};
/* End PBXFrameworksBuildPhase section */

/* Begin PBXGroup section */
		6BA8E5A48F443D65633823C5 /* Pods */ = {
			isa = PBXGroup;
			children = (
				38B7872DD812B73B9FBBA543 /* Pods-MagicUniverseTest.debug.xcconfig */,
				D6FD4C92B8D98BC00A449F37 /* Pods-MagicUniverseTest.release.xcconfig */,
			);
			path = Pods;
			sourceTree = "<group>";
		};
		812935C5228E762F000D4300 /* Model */ = {
			isa = PBXGroup;
			children = (
				811C769E228CDE5600BB5601 /* VideoModel.swift */,
			);
			path = Model;
			sourceTree = "<group>";
		};
		81FDB03E228C4C6400F28F98 = {
			isa = PBXGroup;
			children = (
				81FDB049228C4C6400F28F98 /* MagicUniverseTest */,
				81FDB048228C4C6400F28F98 /* Products */,
				6BA8E5A48F443D65633823C5 /* Pods */,
				ED0A5C4DDE9FC44B8B1EBE56 /* Frameworks */,
			);
			sourceTree = "<group>";
		};
		81FDB048228C4C6400F28F98 /* Products */ = {
			isa = PBXGroup;
			children = (
				81FDB047228C4C6400F28F98 /* MagicUniverseTest.app */,
			);
			name = Products;
			sourceTree = "<group>";
		};
		81FDB049228C4C6400F28F98 /* MagicUniverseTest */ = {
			isa = PBXGroup;
			children = (
				81FDB04A228C4C6400F28F98 /* AppDelegate.swift */,
				811C7698228CD10200BB5601 /* ViewController.swift */,
				811C769A228CD47D00BB5601 /* VideoCollectionCell.swift */,
				811C769C228CD4CC00BB5601 /* VideoCollectionView.swift */,
				812935C8228E8FCF000D4300 /* SecondCollectionView.swift */,
				812935C5228E762F000D4300 /* Model */,
				81FDB051228C4C6600F28F98 /* Assets.xcassets */,
				81FDB04E228C4C6400F28F98 /* Main.storyboard */,
				81FDB053228C4C6600F28F98 /* LaunchScreen.storyboard */,
				81FDB056228C4C6600F28F98 /* Info.plist */,
			);
			path = MagicUniverseTest;
			sourceTree = "<group>";
		};
		ED0A5C4DDE9FC44B8B1EBE56 /* Frameworks */ = {
			isa = PBXGroup;
			children = (
				406A922F03457C9F53B40D91 /* Pods_MagicUniverseTest.framework */,
			);
			name = Frameworks;
			sourceTree = "<group>";
		};
/* End PBXGroup section */

/* Begin PBXNativeTarget section */
		81FDB046228C4C6400F28F98 /* MagicUniverseTest */ = {
			isa = PBXNativeTarget;
			buildConfigurationList = 81FDB059228C4C6600F28F98 /* Build configuration list for PBXNativeTarget "MagicUniverseTest" */;
			buildPhases = (
				905FE8DCCCE53978CC5F6343 /* [CP] Check Pods Manifest.lock */,
				81FDB043228C4C6400F28F98 /* Sources */,
				81FDB044228C4C6400F28F98 /* Frameworks */,
				81FDB045228C4C6400F28F98 /* Resources */,
				B699CED5DEF4D29550FE92E0 /* [CP] Embed Pods Frameworks */,
			);
			buildRules = (
			);
			dependencies = (
			);
			name = MagicUniverseTest;
			productName = MagicUniverseTest;
			productReference = 81FDB047228C4C6400F28F98 /* MagicUniverseTest.app */;
			productType = "com.apple.product-type.application";
		};
/* End PBXNativeTarget section */

/* Begin PBXProject section */
		81FDB03F228C4C6400F28F98 /* Project object */ = {
			isa = PBXProject;
			attributes = {
				LastSwiftUpdateCheck = 1020;
				LastUpgradeCheck = 1020;
				ORGANIZATIONNAME = "Evgeniy Suprun";
				TargetAttributes = {
					81FDB046228C4C6400F28F98 = {
						CreatedOnToolsVersion = 10.2.1;
					};
				};
			};
			buildConfigurationList = 81FDB042228C4C6400F28F98 /* Build configuration list for PBXProject "MagicUniverseTest" */;
			compatibilityVersion = "Xcode 9.3";
			developmentRegion = en;
			hasScannedForEncodings = 0;
			knownRegions = (
				en,
				Base,
			);
			mainGroup = 81FDB03E228C4C6400F28F98;
			productRefGroup = 81FDB048228C4C6400F28F98 /* Products */;
			projectDirPath = "";
			projectRoot = "";
			targets = (
				81FDB046228C4C6400F28F98 /* MagicUniverseTest */,
			);
		};
/* End PBXProject section */

/* Begin PBXResourcesBuildPhase section */
		81FDB045228C4C6400F28F98 /* Resources */ = {
			isa = PBXResourcesBuildPhase;
			buildActionMask = 2147483647;
			files = (
				81FDB055228C4C6600F28F98 /* LaunchScreen.storyboard in Resources */,
				81FDB052228C4C6600F28F98 /* Assets.xcassets in Resources */,
				81FDB050228C4C6400F28F98 /* Main.storyboard in Resources */,
			);
			runOnlyForDeploymentPostprocessing = 0;
		};
/* End PBXResourcesBuildPhase section */

/* Begin PBXShellScriptBuildPhase section */
		905FE8DCCCE53978CC5F6343 /* [CP] Check Pods Manifest.lock */ = {
			isa = PBXShellScriptBuildPhase;
			buildActionMask = 2147483647;
			files = (
			);
			inputFileListPaths = (
			);
			inputPaths = (
				"${PODS_PODFILE_DIR_PATH}/Podfile.lock",
				"${PODS_ROOT}/Manifest.lock",
			);
			name = "[CP] Check Pods Manifest.lock";
			outputFileListPaths = (
			);
			outputPaths = (
				"$(DERIVED_FILE_DIR)/Pods-MagicUniverseTest-checkManifestLockResult.txt",
			);
			runOnlyForDeploymentPostprocessing = 0;
			shellPath = /bin/sh;
			shellScript = "diff \"${PODS_PODFILE_DIR_PATH}/Podfile.lock\" \"${PODS_ROOT}/Manifest.lock\" > /dev/null\nif [ $? != 0 ] ; then\n    # print error to STDERR\n    echo \"error: The sandbox is not in sync with the Podfile.lock. Run 'pod install' or update your CocoaPods installation.\" >&2\n    exit 1\nfi\n# This output is used by Xcode 'outputs' to avoid re-running this script phase.\necho \"SUCCESS\" > \"${SCRIPT_OUTPUT_FILE_0}\"\n";
			showEnvVarsInLog = 0;
		};
		B699CED5DEF4D29550FE92E0 /* [CP] Embed Pods Frameworks */ = {
			isa = PBXShellScriptBuildPhase;
			buildActionMask = 2147483647;
			files = (
			);
			inputFileListPaths = (
			);
			inputPaths = (
				"${PODS_ROOT}/Target Support Files/Pods-MagicUniverseTest/Pods-MagicUniverseTest-frameworks.sh",
				"${BUILT_PRODUCTS_DIR}/YoutubePlayer-in-WKWebView/YoutubePlayer_in_WKWebView.framework",
			);
			name = "[CP] Embed Pods Frameworks";
			outputFileListPaths = (
			);
			outputPaths = (
				"${TARGET_BUILD_DIR}/${FRAMEWORKS_FOLDER_PATH}/YoutubePlayer_in_WKWebView.framework",
			);
			runOnlyForDeploymentPostprocessing = 0;
			shellPath = /bin/sh;
			shellScript = "\"${PODS_ROOT}/Target Support Files/Pods-MagicUniverseTest/Pods-MagicUniverseTest-frameworks.sh\"\n";
			showEnvVarsInLog = 0;
		};
/* End PBXShellScriptBuildPhase section */

/* Begin PBXSourcesBuildPhase section */
		81FDB043228C4C6400F28F98 /* Sources */ = {
			isa = PBXSourcesBuildPhase;
			buildActionMask = 2147483647;
			files = (
				811C7699228CD10200BB5601 /* ViewController.swift in Sources */,
				811C769B228CD47D00BB5601 /* VideoCollectionCell.swift in Sources */,
				812935C9228E8FCF000D4300 /* SecondCollectionView.swift in Sources */,
				811C769D228CD4CC00BB5601 /* VideoCollectionView.swift in Sources */,
				811C769F228CDE5600BB5601 /* VideoModel.swift in Sources */,
				81FDB04B228C4C6400F28F98 /* AppDelegate.swift in Sources */,
			);
			runOnlyForDeploymentPostprocessing = 0;
		};
/* End PBXSourcesBuildPhase section */

/* Begin PBXVariantGroup section */
		81FDB04E228C4C6400F28F98 /* Main.storyboard */ = {
			isa = PBXVariantGroup;
			children = (
				81FDB04F228C4C6400F28F98 /* Base */,
			);
			name = Main.storyboard;
			sourceTree = "<group>";
		};
		81FDB053228C4C6600F28F98 /* LaunchScreen.storyboard */ = {
			isa = PBXVariantGroup;
			children = (
				81FDB054228C4C6600F28F98 /* Base */,
			);
			name = LaunchScreen.storyboard;
			sourceTree = "<group>";
		};
/* End PBXVariantGroup section */

/* Begin XCBuildConfiguration section */
		81FDB057228C4C6600F28F98 /* Debug */ = {
			isa = XCBuildConfiguration;
			buildSettings = {
				ALWAYS_SEARCH_USER_PATHS = NO;
				CLANG_ANALYZER_NONNULL = YES;
				CLANG_ANALYZER_NUMBER_OBJECT_CONVERSION = YES_AGGRESSIVE;
				CLANG_CXX_LANGUAGE_STANDARD = "gnu++14";
				CLANG_CXX_LIBRARY = "libc++";
				CLANG_ENABLE_MODULES = YES;
				CLANG_ENABLE_OBJC_ARC = YES;
				CLANG_ENABLE_OBJC_WEAK = YES;
				CLANG_WARN_BLOCK_CAPTURE_AUTORELEASING = YES;
				CLANG_WARN_BOOL_CONVERSION = YES;
				CLANG_WARN_COMMA = YES;
				CLANG_WARN_CONSTANT_CONVERSION = YES;
				CLANG_WARN_DEPRECATED_OBJC_IMPLEMENTATIONS = YES;
				CLANG_WARN_DIRECT_OBJC_ISA_USAGE = YES_ERROR;
				CLANG_WARN_DOCUMENTATION_COMMENTS = YES;
				CLANG_WARN_EMPTY_BODY = YES;
				CLANG_WARN_ENUM_CONVERSION = YES;
				CLANG_WARN_INFINITE_RECURSION = YES;
				CLANG_WARN_INT_CONVERSION = YES;
				CLANG_WARN_NON_LITERAL_NULL_CONVERSION = YES;
				CLANG_WARN_OBJC_IMPLICIT_RETAIN_SELF = YES;
				CLANG_WARN_OBJC_LITERAL_CONVERSION = YES;
				CLANG_WARN_OBJC_ROOT_CLASS = YES_ERROR;
				CLANG_WARN_RANGE_LOOP_ANALYSIS = YES;
				CLANG_WARN_STRICT_PROTOTYPES = YES;
				CLANG_WARN_SUSPICIOUS_MOVE = YES;
				CLANG_WARN_UNGUARDED_AVAILABILITY = YES_AGGRESSIVE;
				CLANG_WARN_UNREACHABLE_CODE = YES;
				CLANG_WARN__DUPLICATE_METHOD_MATCH = YES;
				CODE_SIGN_IDENTITY = "iPhone Developer";
				COPY_PHASE_STRIP = NO;
				DEBUG_INFORMATION_FORMAT = dwarf;
				ENABLE_STRICT_OBJC_MSGSEND = YES;
				ENABLE_TESTABILITY = YES;
				GCC_C_LANGUAGE_STANDARD = gnu11;
				GCC_DYNAMIC_NO_PIC = NO;
				GCC_NO_COMMON_BLOCKS = YES;
				GCC_OPTIMIZATION_LEVEL = 0;
				GCC_PREPROCESSOR_DEFINITIONS = (
					"DEBUG=1",
					"$(inherited)",
				);
				GCC_WARN_64_TO_32_BIT_CONVERSION = YES;
				GCC_WARN_ABOUT_RETURN_TYPE = YES_ERROR;
				GCC_WARN_UNDECLARED_SELECTOR = YES;
				GCC_WARN_UNINITIALIZED_AUTOS = YES_AGGRESSIVE;
				GCC_WARN_UNUSED_FUNCTION = YES;
				GCC_WARN_UNUSED_VARIABLE = YES;
				IPHONEOS_DEPLOYMENT_TARGET = 12.2;
				MTL_ENABLE_DEBUG_INFO = INCLUDE_SOURCE;
				MTL_FAST_MATH = YES;
				ONLY_ACTIVE_ARCH = YES;
				SDKROOT = iphoneos;
				SWIFT_ACTIVE_COMPILATION_CONDITIONS = DEBUG;
				SWIFT_OPTIMIZATION_LEVEL = "-Onone";
			};
			name = Debug;
		};
		81FDB058228C4C6600F28F98 /* Release */ = {
			isa = XCBuildConfiguration;
			buildSettings = {
				ALWAYS_SEARCH_USER_PATHS = NO;
				CLANG_ANALYZER_NONNULL = YES;
				CLANG_ANALYZER_NUMBER_OBJECT_CONVERSION = YES_AGGRESSIVE;
				CLANG_CXX_LANGUAGE_STANDARD = "gnu++14";
				CLANG_CXX_LIBRARY = "libc++";
				CLANG_ENABLE_MODULES = YES;
				CLANG_ENABLE_OBJC_ARC = YES;
				CLANG_ENABLE_OBJC_WEAK = YES;
				CLANG_WARN_BLOCK_CAPTURE_AUTORELEASING = YES;
				CLANG_WARN_BOOL_CONVERSION = YES;
				CLANG_WARN_COMMA = YES;
				CLANG_WARN_CONSTANT_CONVERSION = YES;
				CLANG_WARN_DEPRECATED_OBJC_IMPLEMENTATIONS = YES;
				CLANG_WARN_DIRECT_OBJC_ISA_USAGE = YES_ERROR;
				CLANG_WARN_DOCUMENTATION_COMMENTS = YES;
				CLANG_WARN_EMPTY_BODY = YES;
				CLANG_WARN_ENUM_CONVERSION = YES;
				CLANG_WARN_INFINITE_RECURSION = YES;
				CLANG_WARN_INT_CONVERSION = YES;
				CLANG_WARN_NON_LITERAL_NULL_CONVERSION = YES;
				CLANG_WARN_OBJC_IMPLICIT_RETAIN_SELF = YES;
				CLANG_WARN_OBJC_LITERAL_CONVERSION = YES;
				CLANG_WARN_OBJC_ROOT_CLASS = YES_ERROR;
				CLANG_WARN_RANGE_LOOP_ANALYSIS = YES;
				CLANG_WARN_STRICT_PROTOTYPES = YES;
				CLANG_WARN_SUSPICIOUS_MOVE = YES;
				CLANG_WARN_UNGUARDED_AVAILABILITY = YES_AGGRESSIVE;
				CLANG_WARN_UNREACHABLE_CODE = YES;
				CLANG_WARN__DUPLICATE_METHOD_MATCH = YES;
				CODE_SIGN_IDENTITY = "iPhone Developer";
				COPY_PHASE_STRIP = NO;
				DEBUG_INFORMATION_FORMAT = "dwarf-with-dsym";
				ENABLE_NS_ASSERTIONS = NO;
				ENABLE_STRICT_OBJC_MSGSEND = YES;
				GCC_C_LANGUAGE_STANDARD = gnu11;
				GCC_NO_COMMON_BLOCKS = YES;
				GCC_WARN_64_TO_32_BIT_CONVERSION = YES;
				GCC_WARN_ABOUT_RETURN_TYPE = YES_ERROR;
				GCC_WARN_UNDECLARED_SELECTOR = YES;
				GCC_WARN_UNINITIALIZED_AUTOS = YES_AGGRESSIVE;
				GCC_WARN_UNUSED_FUNCTION = YES;
				GCC_WARN_UNUSED_VARIABLE = YES;
				IPHONEOS_DEPLOYMENT_TARGET = 12.2;
				MTL_ENABLE_DEBUG_INFO = NO;
				MTL_FAST_MATH = YES;
				SDKROOT = iphoneos;
				SWIFT_COMPILATION_MODE = wholemodule;
				SWIFT_OPTIMIZATION_LEVEL = "-O";
				VALIDATE_PRODUCT = YES;
			};
			name = Release;
		};
		81FDB05A228C4C6600F28F98 /* Debug */ = {
			isa = XCBuildConfiguration;
			baseConfigurationReference = 38B7872DD812B73B9FBBA543 /* Pods-MagicUniverseTest.debug.xcconfig */;
			buildSettings = {
				ASSETCATALOG_COMPILER_APPICON_NAME = AppIcon;
				CODE_SIGN_STYLE = Automatic;
				DEVELOPMENT_TEAM = A5U6B2N2Y5;
				INFOPLIST_FILE = MagicUniverseTest/Info.plist;
				IPHONEOS_DEPLOYMENT_TARGET = 10.0;
				LD_RUNPATH_SEARCH_PATHS = (
					"$(inherited)",
					"@executable_path/Frameworks",
				);
				PRODUCT_BUNDLE_IDENTIFIER = freshlife.MagicUniversalTest;
				PRODUCT_NAME = "$(TARGET_NAME)";
				SWIFT_VERSION = 5.0;
				TARGETED_DEVICE_FAMILY = "1,2";
			};
			name = Debug;
		};
		81FDB05B228C4C6600F28F98 /* Release */ = {
			isa = XCBuildConfiguration;
			baseConfigurationReference = D6FD4C92B8D98BC00A449F37 /* Pods-MagicUniverseTest.release.xcconfig */;
			buildSettings = {
				ASSETCATALOG_COMPILER_APPICON_NAME = AppIcon;
				CODE_SIGN_STYLE = Automatic;
				DEVELOPMENT_TEAM = A5U6B2N2Y5;
				INFOPLIST_FILE = MagicUniverseTest/Info.plist;
				IPHONEOS_DEPLOYMENT_TARGET = 10.0;
				LD_RUNPATH_SEARCH_PATHS = (
					"$(inherited)",
					"@executable_path/Frameworks",
				);
				PRODUCT_BUNDLE_IDENTIFIER = freshlife.MagicUniversalTest;
				PRODUCT_NAME = "$(TARGET_NAME)";
				SWIFT_VERSION = 5.0;
				TARGETED_DEVICE_FAMILY = "1,2";
			};
			name = Release;
		};
/* End XCBuildConfiguration section */

/* Begin XCConfigurationList section */
		81FDB042228C4C6400F28F98 /* Build configuration list for PBXProject "MagicUniverseTest" */ = {
			isa = XCConfigurationList;
			buildConfigurations = (
				81FDB057228C4C6600F28F98 /* Debug */,
				81FDB058228C4C6600F28F98 /* Release */,
			);
			defaultConfigurationIsVisible = 0;
			defaultConfigurationName = Release;
		};
		81FDB059228C4C6600F28F98 /* Build configuration list for PBXNativeTarget "MagicUniverseTest" */ = {
			isa = XCConfigurationList;
			buildConfigurations = (
				81FDB05A228C4C6600F28F98 /* Debug */,
				81FDB05B228C4C6600F28F98 /* Release */,
			);
			defaultConfigurationIsVisible = 0;
			defaultConfigurationName = Release;
		};
/* End XCConfigurationList section */
	};
	rootObject = 81FDB03F228C4C6400F28F98 /* Project object */;
}
